{
  "version": 4,
  "terraform_version": "1.1.5",
  "serial": 10,
  "lineage": "7dc0a98a-9971-3406-0235-7cac128b5fd4",
  "outputs": {},
  "resources": [
    {
      "mode": "managed",
      "type": "google_bigquery_dataset",
      "name": "default",
      "provider": "provider[\"registry.terraform.io/hashicorp/google\"]",
      "instances": [
        {
          "schema_version": 0,
          "attributes": {
            "access": [
              {
                "domain": "",
                "group_by_email": "",
                "role": "OWNER",
                "special_group": "",
                "user_by_email": "terraform@bigquery-boticario.iam.gserviceaccount.com",
                "view": []
              },
              {
                "domain": "",
                "group_by_email": "",
                "role": "OWNER",
                "special_group": "projectOwners",
                "user_by_email": "",
                "view": []
              },
              {
                "domain": "",
                "group_by_email": "",
                "role": "READER",
                "special_group": "projectReaders",
                "user_by_email": "",
                "view": []
              },
              {
                "domain": "",
                "group_by_email": "",
                "role": "WRITER",
                "special_group": "projectWriters",
                "user_by_email": "",
                "view": []
              }
            ],
            "creation_time": 1644191958841,
            "dataset_id": "table1",
            "default_encryption_configuration": [],
            "default_partition_expiration_ms": 0,
            "default_table_expiration_ms": 3600000,
            "delete_contents_on_destroy": false,
            "description": "This is a tecnic test for create a table in bigquery",
            "etag": "3/aY8cgQgmxusuUdfBKm2Q==",
            "friendly_name": "oBoticario",
            "id": "projects/bigquery-boticario/datasets/table1",
            "labels": {
              "env": "default"
            },
            "last_modified_time": 1644191958841,
            "location": "US",
            "project": "bigquery-boticario",
            "self_link": "https://bigquery.googleapis.com/bigquery/v2/projects/bigquery-boticario/datasets/table1",
            "timeouts": null
          },
          "sensitive_attributes": [],
          "private": "eyJlMmJmYjczMC1lY2FhLTExZTYtOGY4OC0zNDM2M2JjN2M0YzAiOnsiY3JlYXRlIjoxMjAwMDAwMDAwMDAwLCJkZWxldGUiOjEyMDAwMDAwMDAwMDAsInVwZGF0ZSI6MTIwMDAwMDAwMDAwMH19"
        }
      ]
    },
    {
      "mode": "managed",
      "type": "google_bigquery_table",
      "name": "default",
      "provider": "provider[\"registry.terraform.io/hashicorp/google\"]",
      "instances": [
        {
          "schema_version": 0,
          "attributes": {
            "clustering": null,
            "creation_time": 1644205034690,
            "dataset_id": "table1",
            "deletion_protection": true,
            "description": "",
            "encryption_configuration": [],
            "etag": "q0KOJN2Yo8y4AWYlY6SM4A==",
            "expiration_time": 1644208634690,
            "external_data_configuration": [],
            "friendly_name": "",
            "id": "projects/bigquery-boticario/datasets/table1/tables/teste1",
            "labels": {
              "env": "default"
            },
            "last_modified_time": 1644205034734,
            "location": "US",
            "materialized_view": [],
            "num_bytes": 0,
            "num_long_term_bytes": 0,
            "num_rows": 0,
            "project": "bigquery-boticario",
            "range_partitioning": [],
            "schema": "[{\"description\":\"ID do individuo\",\"mode\":\"REPEATED\",\"name\":\"ID\",\"type\":\"INTEGER\"},{\"description\":\"Nome do individuo\",\"mode\":\"REQUIRED\",\"name\":\"Name\",\"type\":\"STRING\"},{\"description\":\"Idade do individuo\",\"mode\":\"REQUIRED\",\"name\":\"Idade\",\"type\":\"INTEGER\"},{\"description\":\"Numero da matricula do individuo\",\"mode\":\"REQUIRED\",\"name\":\"Matricula\",\"type\":\"INTEGER\"},{\"description\":\"Telefone do individuo\",\"mode\":\"REQUIRED\",\"name\":\"Telefone\",\"type\":\"INTEGER\"}]",
            "self_link": "https://bigquery.googleapis.com/bigquery/v2/projects/bigquery-boticario/datasets/table1/tables/teste1",
            "table_id": "teste1",
            "time_partitioning": [
              {
                "expiration_ms": 0,
                "field": "",
                "require_partition_filter": false,
                "type": "DAY"
              }
            ],
            "type": "TABLE",
            "view": []
          },
          "sensitive_attributes": [],
          "private": "bnVsbA==",
          "dependencies": [
            "google_bigquery_dataset.default"
          ]
        }
      ]
    }
  ]
}
